hash: 3b6e0f3186f640b9877ec9c3c437d0aea1103cf04945ba0afd1154329f99cb57
updated: 2016-04-27T19:45:09.988243762+02:00
imports:
- name: github.com/BurntSushi/toml
  version: f0aeabca5a127c4078abb8c8d64298b147264b55
- name: github.com/fsouza/go-dockerclient
  version: 1d4f4ae73768d3ca16a6fb964694f58dc5eba601
  subpackages:
  - external/github.com/docker/docker/opts
  - external/github.com/docker/docker/pkg/archive
  - external/github.com/docker/docker/pkg/fileutils
  - external/github.com/docker/docker/pkg/homedir
  - external/github.com/docker/docker/pkg/stdcopy
  - external/github.com/docker/go-units
  - external/github.com/hashicorp/go-cleanhttp
  - external/github.com/Sirupsen/logrus
  - external/github.com/docker/docker/pkg/idtools
  - external/github.com/docker/docker/pkg/ioutils
  - external/github.com/docker/docker/pkg/pools
  - external/github.com/docker/docker/pkg/promise
  - external/github.com/docker/docker/pkg/system
  - external/github.com/docker/docker/pkg/longpath
  - external/github.com/opencontainers/runc/libcontainer/user
  - external/golang.org/x/sys/unix
  - external/golang.org/x/net/context
- name: github.com/influxdata/influxdb
  version: 1d9919a0a8aca8dc705f5dd1ed4b51def8532079
  subpackages:
  - client/v2
  - models
  - pkg/escape
devImports: []
