hash: e585821858f4beb77b85be71c41047dd699e04fb87f95ac6c0844cb6a56b4ea0
updated: 2016-07-19T01:59:12.798689847+02:00
imports:
- name: github.com/Abramovic/logrus_influxdb
  version: f05a45b78e3a34806d6632cb2804c24811fe35fd
- name: github.com/BurntSushi/toml
  version: 99064174e013895bbd9b025c31100bd1d9b590ca
- name: github.com/docker/docker
  version: e6a97db2c932a2b80180c10f2896d7594108a406
  subpackages:
  - opts
  - pkg/archive
  - pkg/fileutils
  - pkg/homedir
  - pkg/stdcopy
  - pkg/idtools
  - pkg/ioutils
  - pkg/pools
  - pkg/promise
  - pkg/system
  - pkg/longpath
- name: github.com/docker/engine-api
  version: d505506c67611e8364526339452c20d6d0babcf6
  subpackages:
  - types/filters
  - types/versions
- name: github.com/docker/go-units
  version: f2d77a61e3c169b43402a0a1e84f06daf29b8190
- name: github.com/fsouza/go-dockerclient
  version: 7016ebb677d6f6adda52034309c0c9c75b69bc6b
- name: github.com/hashicorp/go-cleanhttp
  version: ad28ea4487f05916463e2423a55166280e8254b5
- name: github.com/influxdata/influxdb
  version: 30efa2d922babde5ccbdf09960e510c0de5e0bcb
  subpackages:
  - client/v2
  - models
  - pkg/escape
- name: github.com/opencontainers/runc
  version: 4dedd0939638fc27a609de1cb37e0666b3cf2079
  subpackages:
  - libcontainer/user
- name: github.com/Sirupsen/logrus
  version: a283a10442df8dc09befd873fab202bf8a253d6a
- name: golang.org/x/net
  version: 3797cd8864994d713d909eda5e61ede8683fdc12
  subpackages:
  - context
- name: golang.org/x/sys
  version: a646d33e2ee3172a661fc09bca23bb4889a41bc8
  subpackages:
  - unix
devImports: []
